
Microsoft Visual Studio Solution File, Format Version 11.00
# Visual Studio 2010 Express for Windows Phone
Project("{FAE04EC0-301F-11D3-BF4B-00C04F79EFBC}") = "OIShoppingListWinPhone", "OIShoppingListWinPhone\OIShoppingListWinPhone.csproj", "{54F517F7-3E99-423F-8BCC-18CC9E16F482}"
EndProject
Global
	GlobalSection(SolutionConfigurationPlatforms) = preSolution
		Debug|Any CPU = Debug|Any CPU
		Release|Any CPU = Release|Any CPU
	EndGlobalSection
	GlobalSection(ProjectConfigurationPlatforms) = postSolution
		{54F517F7-3E99-423F-8BCC-18CC9E16F482}.Debug|Any CPU.ActiveCfg = Debug|Any CPU
		{54F517F7-3E99-423F-8BCC-18CC9E16F482}.Debug|Any CPU.Build.0 = Debug|Any CPU
		{54F517F7-3E99-423F-8BCC-18CC9E16F482}.Debug|Any CPU.Deploy.0 = Debug|Any CPU
		{54F517F7-3E99-423F-8BCC-18CC9E16F482}.Release|Any CPU.ActiveCfg = Release|Any CPU
		{54F517F7-3E99-423F-8BCC-18CC9E16F482}.Release|Any CPU.Build.0 = Release|Any CPU
		{54F517F7-3E99-423F-8BCC-18CC9E16F482}.Release|Any CPU.Deploy.0 = Release|Any CPU
	EndGlobalSection
	GlobalSection(SolutionProperties) = preSolution
		HideSolutionNode = FALSE
	EndGlobalSection
EndGlobal
